
Microsoft Visual Studio Solution File, Format Version 12.00
# Visual Studio 15
VisualStudioVersion = 15.0.27428.2015
MinimumVisualStudioVersion = 10.0.40219.1
Project("{9A19103F-16F7-4668-BE54-9A1E7A4F7556}") = "DependencyFramework", "DependencyFramework\DependencyFramework.csproj", "{02A1DAC7-185D-4EBA-9DD0-A986BE13DA05}"
EndProject
Project("{FAE04EC0-301F-11D3-BF4B-00C04F79EFBC}") = "DependencyFramework.Business", "DependencyFramework.Business\DependencyFramework.Business.csproj", "{0F28505A-0B36-4146-A3C1-D3AF1527AEEB}"
EndProject
Project("{FAE04EC0-301F-11D3-BF4B-00C04F79EFBC}") = "DependencyFramework.Data", "DependencyFramework.Data\DependencyFramework.Data.csproj", "{75C2465D-9835-44A8-9E09-DA81FC930BB7}"
EndProject
Global
	GlobalSection(SolutionConfigurationPlatforms) = preSolution
		Debug|Any CPU = Debug|Any CPU
		Release|Any CPU = Release|Any CPU
	EndGlobalSection
	GlobalSection(ProjectConfigurationPlatforms) = postSolution
		{02A1DAC7-185D-4EBA-9DD0-A986BE13DA05}.Debug|Any CPU.ActiveCfg = Debug|Any CPU
		{02A1DAC7-185D-4EBA-9DD0-A986BE13DA05}.Debug|Any CPU.Build.0 = Debug|Any CPU
		{02A1DAC7-185D-4EBA-9DD0-A986BE13DA05}.Release|Any CPU.ActiveCfg = Release|Any CPU
		{02A1DAC7-185D-4EBA-9DD0-A986BE13DA05}.Release|Any CPU.Build.0 = Release|Any CPU
		{0F28505A-0B36-4146-A3C1-D3AF1527AEEB}.Debug|Any CPU.ActiveCfg = Debug|Any CPU
		{0F28505A-0B36-4146-A3C1-D3AF1527AEEB}.Debug|Any CPU.Build.0 = Debug|Any CPU
		{0F28505A-0B36-4146-A3C1-D3AF1527AEEB}.Release|Any CPU.ActiveCfg = Release|Any CPU
		{0F28505A-0B36-4146-A3C1-D3AF1527AEEB}.Release|Any CPU.Build.0 = Release|Any CPU
		{75C2465D-9835-44A8-9E09-DA81FC930BB7}.Debug|Any CPU.ActiveCfg = Debug|Any CPU
		{75C2465D-9835-44A8-9E09-DA81FC930BB7}.Debug|Any CPU.Build.0 = Debug|Any CPU
		{75C2465D-9835-44A8-9E09-DA81FC930BB7}.Release|Any CPU.ActiveCfg = Release|Any CPU
		{75C2465D-9835-44A8-9E09-DA81FC930BB7}.Release|Any CPU.Build.0 = Release|Any CPU
	EndGlobalSection
	GlobalSection(SolutionProperties) = preSolution
		HideSolutionNode = FALSE
	EndGlobalSection
	GlobalSection(ExtensibilityGlobals) = postSolution
		SolutionGuid = {BFBC1433-D595-4641-91BA-4293BDA83DD5}
	EndGlobalSection
EndGlobal
